{
  "name": "hehan-chatbot-main",
  "lockfileVersion": 3,
  "requires": true,
  "packages": {
    "": {
      "devDependencies": {
        "cz-git": "^1.6.1"
      }
    },
    "node_modules/cz-git": {
      "version": "1.6.1",
      "resolved": "https://registry.npmmirror.com/cz-git/-/cz-git-1.6.1.tgz",
      "integrity": "sha512-+ohk/MFETERw4o/WpN3hUk7GM8oAwnaQI/uDuREGm4/B+G3DghGvNZQ/0MbFqZHWgKWvMzNZI6eKmPo0uPCu1A==",
      "dev": true
    }
  }
}
